// !$*UTF8*$!
{
	archiveVersion = 1;
	classes = {
	};
	objectVersion = 46;
	objects = {

/* Begin PBXBuildFile section */
		3C941430545E52F9C8727A65 /* Pods_Connect4_0.framework in Frameworks */ = {isa = PBXBuildFile; fileRef = 9BB0C138640047693CBEB808 /* Pods_Connect4_0.framework */; settings = {ATTRIBUTES = (Required, ); }; };
		D30B32CA1ED0B120006B6B67 /* EncryptionAES.swift in Sources */ = {isa = PBXBuildFile; fileRef = D30B32C91ED0B120006B6B67 /* EncryptionAES.swift */; };
		D30B32CC1ED0C8D2006B6B67 /* FormatterResponse.swift in Sources */ = {isa = PBXBuildFile; fileRef = D30B32CB1ED0C8D2006B6B67 /* FormatterResponse.swift */; };
		D358D0611ED1539300B39E94 /* AuthenLogin.swift in Sources */ = {isa = PBXBuildFile; fileRef = D358D0601ED1539300B39E94 /* AuthenLogin.swift */; };
		D358D0631ED161B000B39E94 /* FormatterRequest.swift in Sources */ = {isa = PBXBuildFile; fileRef = D358D0621ED161B000B39E94 /* FormatterRequest.swift */; };
		D358D0691ED1DD7400B39E94 /* BlocViewController.swift in Sources */ = {isa = PBXBuildFile; fileRef = D358D0681ED1DD7400B39E94 /* BlocViewController.swift */; };
		D358D06D1ED1DEBA00B39E94 /* MenuViewController.swift in Sources */ = {isa = PBXBuildFile; fileRef = D358D06C1ED1DEBA00B39E94 /* MenuViewController.swift */; };
		D358D0711ED1E0A700B39E94 /* NavBlocController.swift in Sources */ = {isa = PBXBuildFile; fileRef = D358D0701ED1E0A700B39E94 /* NavBlocController.swift */; };
		D358D0731ED1E3FB00B39E94 /* RevealViewController.swift in Sources */ = {isa = PBXBuildFile; fileRef = D358D0721ED1E3FB00B39E94 /* RevealViewController.swift */; };
		DE10FFE51FBBFF5A00B8F873 /* TabNoticViewController.swift in Sources */ = {isa = PBXBuildFile; fileRef = DE10FFE41FBBFF5A00B8F873 /* TabNoticViewController.swift */; };
		DE1D167D1F9A0ACC007A3916 /* CheckBoxCell.xib in Resources */ = {isa = PBXBuildFile; fileRef = DE1D167C1F9A0ACC007A3916 /* CheckBoxCell.xib */; };
		DE1D16921F9A0CF2007A3916 /* DownloadFile.swift in Sources */ = {isa = PBXBuildFile; fileRef = DE1D16911F9A0CF2007A3916 /* DownloadFile.swift */; };
		DE2259481FBC1F4B00779BF9 /* CustomTabbarControllerViewController.swift in Sources */ = {isa = PBXBuildFile; fileRef = DE2259471FBC1F4B00779BF9 /* CustomTabbarControllerViewController.swift */; };
		DE22594D1FBC2A7300779BF9 /* TabScanQRController.swift in Sources */ = {isa = PBXBuildFile; fileRef = DE22594C1FBC2A7300779BF9 /* TabScanQRController.swift */; };
		DE22594F1FBC2A9000779BF9 /* TabListNameController.swift in Sources */ = {isa = PBXBuildFile; fileRef = DE22594E1FBC2A9000779BF9 /* TabListNameController.swift */; };
		DE2259511FBC2ABF00779BF9 /* TabProfileController.swift in Sources */ = {isa = PBXBuildFile; fileRef = DE2259501FBC2ABF00779BF9 /* TabProfileController.swift */; };
		DE22758D1FC6C60C007251E7 /* ResponseScanQR.swift in Sources */ = {isa = PBXBuildFile; fileRef = DE22758C1FC6C60C007251E7 /* ResponseScanQR.swift */; };
		DE3AF7CE1ED43C3D0013D526 /* SideMenuTableViewCell.swift in Sources */ = {isa = PBXBuildFile; fileRef = DE3AF7CD1ED43C3D0013D526 /* SideMenuTableViewCell.swift */; };
		DE3BF6A41ECEAEE300FBBB9F /* AlertMessage.swift in Sources */ = {isa = PBXBuildFile; fileRef = DE3BF6A31ECEAEE300FBBB9F /* AlertMessage.swift */; };
		DE3BF6B11ECEDAF300FBBB9F /* BasePotocol.swift in Sources */ = {isa = PBXBuildFile; fileRef = DE3BF6B01ECEDAF300FBBB9F /* BasePotocol.swift */; };
		DE3BF6B41ECEDB3200FBBB9F /* BaseViewModel.swift in Sources */ = {isa = PBXBuildFile; fileRef = DE3BF6B31ECEDB3200FBBB9F /* BaseViewModel.swift */; };
		DE3BF6B71ECEDC9200FBBB9F /* BaseViewController.swift in Sources */ = {isa = PBXBuildFile; fileRef = DE3BF6B61ECEDC9200FBBB9F /* BaseViewController.swift */; };
		DE44CB9C1ECD60420099A7D2 /* LoginViewController.swift in Sources */ = {isa = PBXBuildFile; fileRef = DE44CB9B1ECD60420099A7D2 /* LoginViewController.swift */; };
		DE44CB9E1ECD61110099A7D2 /* ManageKeyboard.swift in Sources */ = {isa = PBXBuildFile; fileRef = DE44CB9D1ECD61110099A7D2 /* ManageKeyboard.swift */; };
		DE4E82761ED2B94E00667C5A /* ModelCart.swift in Sources */ = {isa = PBXBuildFile; fileRef = DE4E82751ED2B94E00667C5A /* ModelCart.swift */; };
		DE52874D1FB18FCC00843AEE /* LoginJSInterface.swift in Sources */ = {isa = PBXBuildFile; fileRef = DE52874C1FB18FCC00843AEE /* LoginJSInterface.swift */; };
		DE52874F1FB19D3E00843AEE /* index.html in Resources */ = {isa = PBXBuildFile; fileRef = DE52874E1FB19D3E00843AEE /* index.html */; };
		DE55A6811FB941A500A7EC74 /* LogoutCell.xib in Resources */ = {isa = PBXBuildFile; fileRef = DE55A6801FB941A500A7EC74 /* LogoutCell.xib */; };
		DE55A6851FB945DF00A7EC74 /* LogoutCell.swift in Sources */ = {isa = PBXBuildFile; fileRef = DE55A6841FB945DF00A7EC74 /* LogoutCell.swift */; };
		DE55A6881FB956C700A7EC74 /* LocationModel.swift in Sources */ = {isa = PBXBuildFile; fileRef = DE55A6871FB956C700A7EC74 /* LocationModel.swift */; };
		DE55A68A1FB98D6F00A7EC74 /* HeaderLanguageView.xib in Resources */ = {isa = PBXBuildFile; fileRef = DE55A6891FB98D6F00A7EC74 /* HeaderLanguageView.xib */; };
		DE55A68C1FB991B700A7EC74 /* HeaderLanguageView.swift in Sources */ = {isa = PBXBuildFile; fileRef = DE55A68B1FB991B700A7EC74 /* HeaderLanguageView.swift */; };
		DE64D7761ED5679000FE71CC /* CategoryBloc.xib in Resources */ = {isa = PBXBuildFile; fileRef = DE64D7751ED5679000FE71CC /* CategoryBloc.xib */; };
		DE6875C11FBAD16B00B4A9E8 /* WebAppRequest.swift in Sources */ = {isa = PBXBuildFile; fileRef = DE6875C01FBAD16B00B4A9E8 /* WebAppRequest.swift */; };
		DE6E529C1EE02EAB004BCDDD /* BlocContentViewController.swift in Sources */ = {isa = PBXBuildFile; fileRef = DE6E529B1EE02EAB004BCDDD /* BlocContentViewController.swift */; };
		DE76B3D91EF01B0E00FDA40E /* ForgotCell.xib in Resources */ = {isa = PBXBuildFile; fileRef = DE76B3D81EF01B0E00FDA40E /* ForgotCell.xib */; };
		DE79AC8E1EEACB3C009309D4 /* LocalAuthentication.framework in Frameworks */ = {isa = PBXBuildFile; fileRef = DE79AC8D1EEACB3C009309D4 /* LocalAuthentication.framework */; };
		DE7E9FA81EDEFF0B00112EC5 /* BlocCell.xib in Resources */ = {isa = PBXBuildFile; fileRef = DE7E9FA71EDEFF0B00112EC5 /* BlocCell.xib */; };
		DE8A286A1EE7D13B0001E493 /* supermarket.ttf in Resources */ = {isa = PBXBuildFile; fileRef = DE8A28691EE7D13B0001E493 /* supermarket.ttf */; };
		DE90814F1EBC725100E90C16 /* AppDelegate.swift in Sources */ = {isa = PBXBuildFile; fileRef = DE90814E1EBC725100E90C16 /* AppDelegate.swift */; };
		DE9081541EBC725100E90C16 /* Main.storyboard in Resources */ = {isa = PBXBuildFile; fileRef = DE9081521EBC725100E90C16 /* Main.storyboard */; };
		DE9081561EBC725100E90C16 /* Assets.xcassets in Resources */ = {isa = PBXBuildFile; fileRef = DE9081551EBC725100E90C16 /* Assets.xcassets */; };
		DE9081591EBC725100E90C16 /* LaunchScreen.storyboard in Resources */ = {isa = PBXBuildFile; fileRef = DE9081571EBC725100E90C16 /* LaunchScreen.storyboard */; };
		DE9081691EBC9F1C00E90C16 /* TextFieldCell.xib in Resources */ = {isa = PBXBuildFile; fileRef = DE9081671EBC9F1C00E90C16 /* TextFieldCell.xib */; };
		DE90816D1EBCA06800E90C16 /* ButtonCell.xib in Resources */ = {isa = PBXBuildFile; fileRef = DE90816B1EBCA06800E90C16 /* ButtonCell.xib */; };
		DE9406941FB4092C00D56DD2 /* MenuSlideViewModel.swift in Sources */ = {isa = PBXBuildFile; fileRef = DE9406931FB4092C00D56DD2 /* MenuSlideViewModel.swift */; };
		DE9406981FB419EE00D56DD2 /* LanguageCell.xib in Resources */ = {isa = PBXBuildFile; fileRef = DE9406971FB419EE00D56DD2 /* LanguageCell.xib */; };
		DE94069C1FB41EDC00D56DD2 /* LanguageCell.swift in Sources */ = {isa = PBXBuildFile; fileRef = DE94069B1FB41EDC00D56DD2 /* LanguageCell.swift */; };
		DE94069F1FB43F5B00D56DD2 /* ResponseSlideMenu.swift in Sources */ = {isa = PBXBuildFile; fileRef = DE94069E1FB43F5B00D56DD2 /* ResponseSlideMenu.swift */; };
		DEAD703F1EC576B20057B448 /* BaseColor.swift in Sources */ = {isa = PBXBuildFile; fileRef = DEAD703E1EC576B20057B448 /* BaseColor.swift */; };
		DEBC3D801FB05B7000ED0BDF /* UIWebViewExt.swift in Sources */ = {isa = PBXBuildFile; fileRef = DEBC3D7F1FB05B7000ED0BDF /* UIWebViewExt.swift */; };
		DEE609FB1EC466D900F08763 /* ManagementProtocol.swift in Sources */ = {isa = PBXBuildFile; fileRef = DEE609FA1EC466D900F08763 /* ManagementProtocol.swift */; };
		DEE609FE1EC473DF00F08763 /* ClientHttp.swift in Sources */ = {isa = PBXBuildFile; fileRef = DEE609FD1EC473DF00F08763 /* ClientHttp.swift */; };
		E2749383201B18F40008BFF8 /* BeaconModel.swift in Sources */ = {isa = PBXBuildFile; fileRef = E2749382201B18F40008BFF8 /* BeaconModel.swift */; };
		E28569DF202DA97E00A19BDD /* Localizable.strings in Resources */ = {isa = PBXBuildFile; fileRef = E28569E1202DA97E00A19BDD /* Localizable.strings */; };
		E2913C3F2019B86C007B2640 /* GoogleService-Info.plist in Resources */ = {isa = PBXBuildFile; fileRef = E2913C3E2019B86C007B2640 /* GoogleService-Info.plist */; };
/* End PBXBuildFile section */

/* Begin PBXFileReference section */
		4A1A49EDB747B220D85478B9 /* Pods-Connect4.0.release.xcconfig */ = {isa = PBXFileReference; includeInIndex = 1; lastKnownFileType = text.xcconfig; name = "Pods-Connect4.0.release.xcconfig"; path = "Pods/Target Support Files/Pods-Connect4.0/Pods-Connect4.0.release.xcconfig"; sourceTree = "<group>"; };
		9147E7DA346EB7DFEE48F097 /* Pods-Connect4.0.debug.xcconfig */ = {isa = PBXFileReference; includeInIndex = 1; lastKnownFileType = text.xcconfig; name = "Pods-Connect4.0.debug.xcconfig"; path = "Pods/Target Support Files/Pods-Connect4.0/Pods-Connect4.0.debug.xcconfig"; sourceTree = "<group>"; };
		9BB0C138640047693CBEB808 /* Pods_Connect4_0.framework */ = {isa = PBXFileReference; explicitFileType = wrapper.framework; includeInIndex = 0; path = Pods_Connect4_0.framework; sourceTree = BUILT_PRODUCTS_DIR; };
		D30B32C91ED0B120006B6B67 /* EncryptionAES.swift */ = {isa = PBXFileReference; fileEncoding = 4; lastKnownFileType = sourcecode.swift; path = EncryptionAES.swift; sourceTree = "<group>"; };
		D30B32CB1ED0C8D2006B6B67 /* FormatterResponse.swift */ = {isa = PBXFileReference; fileEncoding = 4; lastKnownFileType = sourcecode.swift; path = FormatterResponse.swift; sourceTree = "<group>"; };
		D358D0601ED1539300B39E94 /* AuthenLogin.swift */ = {isa = PBXFileReference; fileEncoding = 4; lastKnownFileType = sourcecode.swift; path = AuthenLogin.swift; sourceTree = "<group>"; };
		D358D0621ED161B000B39E94 /* FormatterRequest.swift */ = {isa = PBXFileReference; fileEncoding = 4; lastKnownFileType = sourcecode.swift; path = FormatterRequest.swift; sourceTree = "<group>"; };
		D358D0681ED1DD7400B39E94 /* BlocViewController.swift */ = {isa = PBXFileReference; fileEncoding = 4; lastKnownFileType = sourcecode.swift; path = BlocViewController.swift; sourceTree = "<group>"; };
		D358D06C1ED1DEBA00B39E94 /* MenuViewController.swift */ = {isa = PBXFileReference; fileEncoding = 4; lastKnownFileType = sourcecode.swift; path = MenuViewController.swift; sourceTree = "<group>"; };
		D358D0701ED1E0A700B39E94 /* NavBlocController.swift */ = {isa = PBXFileReference; fileEncoding = 4; lastKnownFileType = sourcecode.swift; path = NavBlocController.swift; sourceTree = "<group>"; };
		D358D0721ED1E3FB00B39E94 /* RevealViewController.swift */ = {isa = PBXFileReference; fileEncoding = 4; lastKnownFileType = sourcecode.swift; path = RevealViewController.swift; sourceTree = "<group>"; };
		DE10FFE41FBBFF5A00B8F873 /* TabNoticViewController.swift */ = {isa = PBXFileReference; fileEncoding = 4; lastKnownFileType = sourcecode.swift; path = TabNoticViewController.swift; sourceTree = "<group>"; };
		DE1D167C1F9A0ACC007A3916 /* CheckBoxCell.xib */ = {isa = PBXFileReference; fileEncoding = 4; lastKnownFileType = file.xib; path = CheckBoxCell.xib; sourceTree = "<group>"; };
		DE1D16911F9A0CF2007A3916 /* DownloadFile.swift */ = {isa = PBXFileReference; fileEncoding = 4; lastKnownFileType = sourcecode.swift; path = DownloadFile.swift; sourceTree = "<group>"; };
		DE2259471FBC1F4B00779BF9 /* CustomTabbarControllerViewController.swift */ = {isa = PBXFileReference; fileEncoding = 4; lastKnownFileType = sourcecode.swift; path = CustomTabbarControllerViewController.swift; sourceTree = "<group>"; };
		DE22594C1FBC2A7300779BF9 /* TabScanQRController.swift */ = {isa = PBXFileReference; fileEncoding = 4; lastKnownFileType = sourcecode.swift; path = TabScanQRController.swift; sourceTree = "<group>"; };
		DE22594E1FBC2A9000779BF9 /* TabListNameController.swift */ = {isa = PBXFileReference; fileEncoding = 4; lastKnownFileType = sourcecode.swift; path = TabListNameController.swift; sourceTree = "<group>"; };
		DE2259501FBC2ABF00779BF9 /* TabProfileController.swift */ = {isa = PBXFileReference; fileEncoding = 4; lastKnownFileType = sourcecode.swift; path = TabProfileController.swift; sourceTree = "<group>"; };
		DE22758C1FC6C60C007251E7 /* ResponseScanQR.swift */ = {isa = PBXFileReference; fileEncoding = 4; lastKnownFileType = sourcecode.swift; path = ResponseScanQR.swift; sourceTree = "<group>"; };
		DE3AF7CD1ED43C3D0013D526 /* SideMenuTableViewCell.swift */ = {isa = PBXFileReference; fileEncoding = 4; lastKnownFileType = sourcecode.swift; path = SideMenuTableViewCell.swift; sourceTree = "<group>"; };
		DE3BF6A31ECEAEE300FBBB9F /* AlertMessage.swift */ = {isa = PBXFileReference; fileEncoding = 4; lastKnownFileType = sourcecode.swift; path = AlertMessage.swift; sourceTree = "<group>"; };
		DE3BF6B01ECEDAF300FBBB9F /* BasePotocol.swift */ = {isa = PBXFileReference; fileEncoding = 4; lastKnownFileType = sourcecode.swift; path = BasePotocol.swift; sourceTree = "<group>"; };
		DE3BF6B31ECEDB3200FBBB9F /* BaseViewModel.swift */ = {isa = PBXFileReference; fileEncoding = 4; lastKnownFileType = sourcecode.swift; path = BaseViewModel.swift; sourceTree = "<group>"; };
		DE3BF6B61ECEDC9200FBBB9F /* BaseViewController.swift */ = {isa = PBXFileReference; fileEncoding = 4; lastKnownFileType = sourcecode.swift; path = BaseViewController.swift; sourceTree = "<group>"; };
		DE44CB9B1ECD60420099A7D2 /* LoginViewController.swift */ = {isa = PBXFileReference; fileEncoding = 4; lastKnownFileType = sourcecode.swift; path = LoginViewController.swift; sourceTree = "<group>"; };
		DE44CB9D1ECD61110099A7D2 /* ManageKeyboard.swift */ = {isa = PBXFileReference; fileEncoding = 4; lastKnownFileType = sourcecode.swift; path = ManageKeyboard.swift; sourceTree = "<group>"; };
		DE4E82751ED2B94E00667C5A /* ModelCart.swift */ = {isa = PBXFileReference; fileEncoding = 4; lastKnownFileType = sourcecode.swift; path = ModelCart.swift; sourceTree = "<group>"; };
		DE52874C1FB18FCC00843AEE /* LoginJSInterface.swift */ = {isa = PBXFileReference; fileEncoding = 4; lastKnownFileType = sourcecode.swift; path = LoginJSInterface.swift; sourceTree = "<group>"; };
		DE52874E1FB19D3E00843AEE /* index.html */ = {isa = PBXFileReference; fileEncoding = 4; lastKnownFileType = text.html; path = index.html; sourceTree = "<group>"; };
		DE55A6801FB941A500A7EC74 /* LogoutCell.xib */ = {isa = PBXFileReference; fileEncoding = 4; lastKnownFileType = file.xib; path = LogoutCell.xib; sourceTree = "<group>"; };
		DE55A6841FB945DF00A7EC74 /* LogoutCell.swift */ = {isa = PBXFileReference; fileEncoding = 4; lastKnownFileType = sourcecode.swift; path = LogoutCell.swift; sourceTree = "<group>"; };
		DE55A6871FB956C700A7EC74 /* LocationModel.swift */ = {isa = PBXFileReference; fileEncoding = 4; lastKnownFileType = sourcecode.swift; path = LocationModel.swift; sourceTree = "<group>"; };
		DE55A6891FB98D6F00A7EC74 /* HeaderLanguageView.xib */ = {isa = PBXFileReference; fileEncoding = 4; lastKnownFileType = file.xib; path = HeaderLanguageView.xib; sourceTree = "<group>"; };
		DE55A68B1FB991B700A7EC74 /* HeaderLanguageView.swift */ = {isa = PBXFileReference; fileEncoding = 4; lastKnownFileType = sourcecode.swift; path = HeaderLanguageView.swift; sourceTree = "<group>"; };
		DE5D09C81FC55D3F00561E1E /* Connect4.0.entitlements */ = {isa = PBXFileReference; lastKnownFileType = text.plist.entitlements; path = Connect4.0.entitlements; sourceTree = "<group>"; };
		DE64D7751ED5679000FE71CC /* CategoryBloc.xib */ = {isa = PBXFileReference; fileEncoding = 4; lastKnownFileType = file.xib; path = CategoryBloc.xib; sourceTree = "<group>"; };
		DE6875C01FBAD16B00B4A9E8 /* WebAppRequest.swift */ = {isa = PBXFileReference; fileEncoding = 4; lastKnownFileType = sourcecode.swift; path = WebAppRequest.swift; sourceTree = "<group>"; };
		DE6A640F1FF247ED009A7F78 /* Bridge.h */ = {isa = PBXFileReference; lastKnownFileType = sourcecode.c.h; path = Bridge.h; sourceTree = "<group>"; };
		DE6E529B1EE02EAB004BCDDD /* BlocContentViewController.swift */ = {isa = PBXFileReference; fileEncoding = 4; lastKnownFileType = sourcecode.swift; path = BlocContentViewController.swift; sourceTree = "<group>"; };
		DE76B3D81EF01B0E00FDA40E /* ForgotCell.xib */ = {isa = PBXFileReference; fileEncoding = 4; lastKnownFileType = file.xib; path = ForgotCell.xib; sourceTree = "<group>"; };
		DE79AC8D1EEACB3C009309D4 /* LocalAuthentication.framework */ = {isa = PBXFileReference; lastKnownFileType = wrapper.framework; name = LocalAuthentication.framework; path = System/Library/Frameworks/LocalAuthentication.framework; sourceTree = SDKROOT; };
		DE7E9FA71EDEFF0B00112EC5 /* BlocCell.xib */ = {isa = PBXFileReference; fileEncoding = 4; lastKnownFileType = file.xib; path = BlocCell.xib; sourceTree = "<group>"; };
		DE8A28691EE7D13B0001E493 /* supermarket.ttf */ = {isa = PBXFileReference; lastKnownFileType = file; path = supermarket.ttf; sourceTree = "<group>"; };
		DE90814B1EBC725100E90C16 /* Connect4.0.app */ = {isa = PBXFileReference; explicitFileType = wrapper.application; includeInIndex = 0; path = Connect4.0.app; sourceTree = BUILT_PRODUCTS_DIR; };
		DE90814E1EBC725100E90C16 /* AppDelegate.swift */ = {isa = PBXFileReference; lastKnownFileType = sourcecode.swift; path = AppDelegate.swift; sourceTree = "<group>"; };
		DE9081531EBC725100E90C16 /* Base */ = {isa = PBXFileReference; lastKnownFileType = file.storyboard; name = Base; path = Base.lproj/Main.storyboard; sourceTree = "<group>"; };
		DE9081551EBC725100E90C16 /* Assets.xcassets */ = {isa = PBXFileReference; lastKnownFileType = folder.assetcatalog; path = Assets.xcassets; sourceTree = "<group>"; };
		DE9081581EBC725100E90C16 /* Base */ = {isa = PBXFileReference; lastKnownFileType = file.storyboard; name = Base; path = Base.lproj/LaunchScreen.storyboard; sourceTree = "<group>"; };
		DE90815A1EBC725100E90C16 /* Info.plist */ = {isa = PBXFileReference; lastKnownFileType = text.plist.xml; path = Info.plist; sourceTree = "<group>"; };
		DE9081671EBC9F1C00E90C16 /* TextFieldCell.xib */ = {isa = PBXFileReference; fileEncoding = 4; lastKnownFileType = file.xib; path = TextFieldCell.xib; sourceTree = "<group>"; };
		DE90816B1EBCA06800E90C16 /* ButtonCell.xib */ = {isa = PBXFileReference; fileEncoding = 4; lastKnownFileType = file.xib; path = ButtonCell.xib; sourceTree = "<group>"; };
		DE9406931FB4092C00D56DD2 /* MenuSlideViewModel.swift */ = {isa = PBXFileReference; fileEncoding = 4; lastKnownFileType = sourcecode.swift; path = MenuSlideViewModel.swift; sourceTree = "<group>"; };
		DE9406971FB419EE00D56DD2 /* LanguageCell.xib */ = {isa = PBXFileReference; fileEncoding = 4; lastKnownFileType = file.xib; path = LanguageCell.xib; sourceTree = "<group>"; };
		DE94069B1FB41EDC00D56DD2 /* LanguageCell.swift */ = {isa = PBXFileReference; fileEncoding = 4; lastKnownFileType = sourcecode.swift; path = LanguageCell.swift; sourceTree = "<group>"; };
		DE94069E1FB43F5B00D56DD2 /* ResponseSlideMenu.swift */ = {isa = PBXFileReference; fileEncoding = 4; lastKnownFileType = sourcecode.swift; path = ResponseSlideMenu.swift; sourceTree = "<group>"; };
		DEAD703E1EC576B20057B448 /* BaseColor.swift */ = {isa = PBXFileReference; fileEncoding = 4; lastKnownFileType = sourcecode.swift; path = BaseColor.swift; sourceTree = "<group>"; };
		DEBC3D7F1FB05B7000ED0BDF /* UIWebViewExt.swift */ = {isa = PBXFileReference; fileEncoding = 4; lastKnownFileType = sourcecode.swift; path = UIWebViewExt.swift; sourceTree = "<group>"; };
		DEE609FA1EC466D900F08763 /* ManagementProtocol.swift */ = {isa = PBXFileReference; fileEncoding = 4; lastKnownFileType = sourcecode.swift; path = ManagementProtocol.swift; sourceTree = "<group>"; };
		DEE609FD1EC473DF00F08763 /* ClientHttp.swift */ = {isa = PBXFileReference; fileEncoding = 4; lastKnownFileType = sourcecode.swift; path = ClientHttp.swift; sourceTree = "<group>"; };
		E2749382201B18F40008BFF8 /* BeaconModel.swift */ = {isa = PBXFileReference; fileEncoding = 4; lastKnownFileType = sourcecode.swift; path = BeaconModel.swift; sourceTree = "<group>"; };
		E28569DB202DA7F600A19BDD /* th */ = {isa = PBXFileReference; lastKnownFileType = text.plist.strings; name = th; path = th.lproj/Main.strings; sourceTree = "<group>"; };
		E28569DC202DA7F600A19BDD /* th */ = {isa = PBXFileReference; lastKnownFileType = text.plist.strings; name = th; path = th.lproj/LaunchScreen.strings; sourceTree = "<group>"; };
		E28569E0202DA97E00A19BDD /* Base */ = {isa = PBXFileReference; lastKnownFileType = text.plist.strings; name = Base; path = Base.lproj/Localizable.strings; sourceTree = "<group>"; };
		E28569E3202DA98600A19BDD /* th */ = {isa = PBXFileReference; lastKnownFileType = text.plist.strings; name = th; path = th.lproj/Localizable.strings; sourceTree = "<group>"; };
		E2913C3E2019B86C007B2640 /* GoogleService-Info.plist */ = {isa = PBXFileReference; fileEncoding = 4; lastKnownFileType = text.plist.xml; path = "GoogleService-Info.plist"; sourceTree = "<group>"; };
/* End PBXFileReference section */

/* Begin PBXFrameworksBuildPhase section */
		DE9081481EBC725100E90C16 /* Frameworks */ = {
			isa = PBXFrameworksBuildPhase;
			buildActionMask = 2147483647;
			files = (
				DE79AC8E1EEACB3C009309D4 /* LocalAuthentication.framework in Frameworks */,
				3C941430545E52F9C8727A65 /* Pods_Connect4_0.framework in Frameworks */,
			);
			runOnlyForDeploymentPostprocessing = 0;
		};
/* End PBXFrameworksBuildPhase section */

/* Begin PBXGroup section */
		65D024D9EBD07C4AD8449231 /* Pods */ = {
			isa = PBXGroup;
			children = (
				9147E7DA346EB7DFEE48F097 /* Pods-Connect4.0.debug.xcconfig */,
				4A1A49EDB747B220D85478B9 /* Pods-Connect4.0.release.xcconfig */,
			);
			name = Pods;
			sourceTree = "<group>";
		};
		D304F5401EC381D90000AFF1 /* Utility */ = {
			isa = PBXGroup;
			children = (
				DE9406951FB413E300D56DD2 /* common */,
				D358D05F1ED14D8900B39E94 /* Security */,
				DE44CBA11ECD67040099A7D2 /* ViewModel */,
				DEE609FC1EC473A300F08763 /* Network */,
			);
			name = Utility;
			sourceTree = "<group>";
		};
		D358D05F1ED14D8900B39E94 /* Security */ = {
			isa = PBXGroup;
			children = (
				D30B32C91ED0B120006B6B67 /* EncryptionAES.swift */,
				D358D0601ED1539300B39E94 /* AuthenLogin.swift */,
			);
			name = Security;
			sourceTree = "<group>";
		};
		D358D0641ED1DC7C00B39E94 /* Bloc */ = {
			isa = PBXGroup;
			children = (
				DE55A6861FB956AB00A7EC74 /* model */,
				D358D0651ED1DCA900B39E94 /* ViewController */,
			);
			name = Bloc;
			sourceTree = "<group>";
		};
		D358D0651ED1DCA900B39E94 /* ViewController */ = {
			isa = PBXGroup;
			children = (
				D358D0681ED1DD7400B39E94 /* BlocViewController.swift */,
				D358D0701ED1E0A700B39E94 /* NavBlocController.swift */,
				D358D0721ED1E3FB00B39E94 /* RevealViewController.swift */,
				DE6E529B1EE02EAB004BCDDD /* BlocContentViewController.swift */,
			);
			name = ViewController;
			sourceTree = "<group>";
		};
		D358D06A1ED1DE7100B39E94 /* SideMenu */ = {
			isa = PBXGroup;
			children = (
				DE9406921FB408CA00D56DD2 /* ViewModel */,
				DE3AF7CF1ED43DE60013D526 /* Model */,
				DE3AF7CC1ED43C0A0013D526 /* View */,
				D358D06B1ED1DEA000B39E94 /* ViewController */,
			);
			name = SideMenu;
			sourceTree = "<group>";
		};
		D358D06B1ED1DEA000B39E94 /* ViewController */ = {
			isa = PBXGroup;
			children = (
				D358D06C1ED1DEBA00B39E94 /* MenuViewController.swift */,
			);
			name = ViewController;
			sourceTree = "<group>";
		};
		D3F26FF71EBCE72C0019C805 /* Classes */ = {
			isa = PBXGroup;
			children = (
				E2749380201B15380008BFF8 /* Nearby */,
				DE2259491FBC299500779BF9 /* TabMenu */,
				D358D06A1ED1DE7100B39E94 /* SideMenu */,
				D358D0641ED1DC7C00B39E94 /* Bloc */,
				DE3BF6AB1ECEDA5200FBBB9F /* BaseClass */,
				DE44CB9A1ECD5FFD0099A7D2 /* Login */,
			);
			name = Classes;
			sourceTree = "<group>";
		};
		DDE79F0425946D5473469E54 /* Frameworks */ = {
			isa = PBXGroup;
			children = (
				DE79AC8D1EEACB3C009309D4 /* LocalAuthentication.framework */,
				9BB0C138640047693CBEB808 /* Pods_Connect4_0.framework */,
			);
			name = Frameworks;
			sourceTree = "<group>";
		};
		DE10FFE31FBBFF0E00B8F873 /* ViewController */ = {
			isa = PBXGroup;
			children = (
				DE2259471FBC1F4B00779BF9 /* CustomTabbarControllerViewController.swift */,
				DE10FFE41FBBFF5A00B8F873 /* TabNoticViewController.swift */,
				DE22594C1FBC2A7300779BF9 /* TabScanQRController.swift */,
				DE22594E1FBC2A9000779BF9 /* TabListNameController.swift */,
				DE2259501FBC2ABF00779BF9 /* TabProfileController.swift */,
			);
			name = ViewController;
			sourceTree = "<group>";
		};
		DE2259491FBC299500779BF9 /* TabMenu */ = {
			isa = PBXGroup;
			children = (
				DE22758B1FC6C5F0007251E7 /* Model */,
				DE10FFE31FBBFF0E00B8F873 /* ViewController */,
			);
			name = TabMenu;
			sourceTree = "<group>";
		};
		DE22758B1FC6C5F0007251E7 /* Model */ = {
			isa = PBXGroup;
			children = (
				DE22758C1FC6C60C007251E7 /* ResponseScanQR.swift */,
			);
			name = Model;
			sourceTree = "<group>";
		};
		DE3AF7CC1ED43C0A0013D526 /* View */ = {
			isa = PBXGroup;
			children = (
				DE3AF7CD1ED43C3D0013D526 /* SideMenuTableViewCell.swift */,
			);
			name = View;
			sourceTree = "<group>";
		};
		DE3AF7CF1ED43DE60013D526 /* Model */ = {
			isa = PBXGroup;
			children = (
				DE94069E1FB43F5B00D56DD2 /* ResponseSlideMenu.swift */,
			);
			name = Model;
			sourceTree = "<group>";
		};
		DE3BF6AB1ECEDA5200FBBB9F /* BaseClass */ = {
			isa = PBXGroup;
			children = (
				DE3BF6B51ECEDB5600FBBB9F /* ViewController */,
				DE3BF6B21ECEDB1F00FBBB9F /* ViewModel */,
				DE3BF6AF1ECEDAD300FBBB9F /* Protocol */,
				DE3BF6AC1ECEDA6E00FBBB9F /* Model */,
			);
			name = BaseClass;
			sourceTree = "<group>";
		};
		DE3BF6AC1ECEDA6E00FBBB9F /* Model */ = {
			isa = PBXGroup;
			children = (
			);
			name = Model;
			sourceTree = "<group>";
		};
		DE3BF6AF1ECEDAD300FBBB9F /* Protocol */ = {
			isa = PBXGroup;
			children = (
				DE3BF6B01ECEDAF300FBBB9F /* BasePotocol.swift */,
			);
			name = Protocol;
			sourceTree = "<group>";
		};
		DE3BF6B21ECEDB1F00FBBB9F /* ViewModel */ = {
			isa = PBXGroup;
			children = (
				DE3BF6B31ECEDB3200FBBB9F /* BaseViewModel.swift */,
			);
			name = ViewModel;
			sourceTree = "<group>";
		};
		DE3BF6B51ECEDB5600FBBB9F /* ViewController */ = {
			isa = PBXGroup;
			children = (
				DE3BF6B61ECEDC9200FBBB9F /* BaseViewController.swift */,
			);
			name = ViewController;
			sourceTree = "<group>";
		};
		DE44CB9A1ECD5FFD0099A7D2 /* Login */ = {
			isa = PBXGroup;
			children = (
				DE52874B1FB18FAF00843AEE /* View */,
				DE44CBA01ECD624D0099A7D2 /* ViewController */,
			);
			name = Login;
			sourceTree = "<group>";
		};
		DE44CBA01ECD624D0099A7D2 /* ViewController */ = {
			isa = PBXGroup;
			children = (
				DE44CB9B1ECD60420099A7D2 /* LoginViewController.swift */,
			);
			name = ViewController;
			sourceTree = "<group>";
		};
		DE44CBA11ECD67040099A7D2 /* ViewModel */ = {
			isa = PBXGroup;
			children = (
				DE44CB9D1ECD61110099A7D2 /* ManageKeyboard.swift */,
				DE3BF6A31ECEAEE300FBBB9F /* AlertMessage.swift */,
			);
			name = ViewModel;
			sourceTree = "<group>";
		};
		DE52874B1FB18FAF00843AEE /* View */ = {
			isa = PBXGroup;
			children = (
				DE52874C1FB18FCC00843AEE /* LoginJSInterface.swift */,
			);
			name = View;
			sourceTree = "<group>";
		};
		DE55A6861FB956AB00A7EC74 /* model */ = {
			isa = PBXGroup;
			children = (
				DE55A6871FB956C700A7EC74 /* LocationModel.swift */,
			);
			name = model;
			sourceTree = "<group>";
		};
		DE8A28681EE7D12A0001E493 /* Fronts */ = {
			isa = PBXGroup;
			children = (
				DE8A28691EE7D13B0001E493 /* supermarket.ttf */,
			);
			name = Fronts;
			sourceTree = "<group>";
		};
		DE9081421EBC725100E90C16 = {
			isa = PBXGroup;
			children = (
				DE90814D1EBC725100E90C16 /* Connect4.0 */,
				DE90814C1EBC725100E90C16 /* Products */,
				65D024D9EBD07C4AD8449231 /* Pods */,
				DDE79F0425946D5473469E54 /* Frameworks */,
			);
			sourceTree = "<group>";
		};
		DE90814C1EBC725100E90C16 /* Products */ = {
			isa = PBXGroup;
			children = (
				DE90814B1EBC725100E90C16 /* Connect4.0.app */,
			);
			name = Products;
			sourceTree = "<group>";
		};
		DE90814D1EBC725100E90C16 /* Connect4.0 */ = {
			isa = PBXGroup;
			children = (
				DE6A640F1FF247ED009A7F78 /* Bridge.h */,
				DE5D09C81FC55D3F00561E1E /* Connect4.0.entitlements */,
				DEAD703B1EC575680057B448 /* Resource */,
				DEAD703A1EC575090057B448 /* Supportting Files */,
				D304F5401EC381D90000AFF1 /* Utility */,
				D3F26FF71EBCE72C0019C805 /* Classes */,
			);
			path = Connect4.0;
			sourceTree = "<group>";
		};
		DE9406921FB408CA00D56DD2 /* ViewModel */ = {
			isa = PBXGroup;
			children = (
				DE9406931FB4092C00D56DD2 /* MenuSlideViewModel.swift */,
			);
			name = ViewModel;
			sourceTree = "<group>";
		};
		DE9406951FB413E300D56DD2 /* common */ = {
			isa = PBXGroup;
			children = (
				DE52874E1FB19D3E00843AEE /* index.html */,
				DEBC3D7F1FB05B7000ED0BDF /* UIWebViewExt.swift */,
				DEE609FA1EC466D900F08763 /* ManagementProtocol.swift */,
				DEAD703E1EC576B20057B448 /* BaseColor.swift */,
				DE4E82751ED2B94E00667C5A /* ModelCart.swift */,
			);
			name = common;
			sourceTree = "<group>";
		};
		DE9406961FB4199900D56DD2 /* TableViewCell */ = {
			isa = PBXGroup;
			children = (
				DE9406971FB419EE00D56DD2 /* LanguageCell.xib */,
				DE94069B1FB41EDC00D56DD2 /* LanguageCell.swift */,
				DE55A6801FB941A500A7EC74 /* LogoutCell.xib */,
				DE55A6841FB945DF00A7EC74 /* LogoutCell.swift */,
				DE55A6891FB98D6F00A7EC74 /* HeaderLanguageView.xib */,
				DE55A68B1FB991B700A7EC74 /* HeaderLanguageView.swift */,
			);
			name = TableViewCell;
			sourceTree = "<group>";
		};
		DEAD703A1EC575090057B448 /* Supportting Files */ = {
			isa = PBXGroup;
			children = (
				E2913C3E2019B86C007B2640 /* GoogleService-Info.plist */,
				DE90814E1EBC725100E90C16 /* AppDelegate.swift */,
				DE90815A1EBC725100E90C16 /* Info.plist */,
			);
			name = "Supportting Files";
			sourceTree = "<group>";
		};
		DEAD703B1EC575680057B448 /* Resource */ = {
			isa = PBXGroup;
			children = (
				DE8A28681EE7D12A0001E493 /* Fronts */,
				DEAD703D1EC575D60057B448 /* Storyboard */,
				DE9081551EBC725100E90C16 /* Assets.xcassets */,
				DEAD703C1EC575790057B448 /* Xib */,
				E28569E1202DA97E00A19BDD /* Localizable.strings */,
			);
			name = Resource;
			sourceTree = "<group>";
		};
		DEAD703C1EC575790057B448 /* Xib */ = {
			isa = PBXGroup;
			children = (
				DE9406961FB4199900D56DD2 /* TableViewCell */,
				DE9081671EBC9F1C00E90C16 /* TextFieldCell.xib */,
				DE90816B1EBCA06800E90C16 /* ButtonCell.xib */,
				DE64D7751ED5679000FE71CC /* CategoryBloc.xib */,
				DE7E9FA71EDEFF0B00112EC5 /* BlocCell.xib */,
				DE76B3D81EF01B0E00FDA40E /* ForgotCell.xib */,
				DE1D167C1F9A0ACC007A3916 /* CheckBoxCell.xib */,
			);
			name = Xib;
			sourceTree = "<group>";
		};
		DEAD703D1EC575D60057B448 /* Storyboard */ = {
			isa = PBXGroup;
			children = (
				DE9081521EBC725100E90C16 /* Main.storyboard */,
				DE9081571EBC725100E90C16 /* LaunchScreen.storyboard */,
			);
			name = Storyboard;
			sourceTree = "<group>";
		};
		DEE609FC1EC473A300F08763 /* Network */ = {
			isa = PBXGroup;
			children = (
				DEE609FD1EC473DF00F08763 /* ClientHttp.swift */,
				D30B32CB1ED0C8D2006B6B67 /* FormatterResponse.swift */,
				D358D0621ED161B000B39E94 /* FormatterRequest.swift */,
				DE1D16911F9A0CF2007A3916 /* DownloadFile.swift */,
				DE6875C01FBAD16B00B4A9E8 /* WebAppRequest.swift */,
			);
			name = Network;
			sourceTree = "<group>";
		};
		E2749380201B15380008BFF8 /* Nearby */ = {
			isa = PBXGroup;
			children = (
				E2749381201B153F0008BFF8 /* model */,
			);
			name = Nearby;
			sourceTree = "<group>";
		};
		E2749381201B153F0008BFF8 /* model */ = {
			isa = PBXGroup;
			children = (
				E2749382201B18F40008BFF8 /* BeaconModel.swift */,
			);
			name = model;
			sourceTree = "<group>";
		};
/* End PBXGroup section */

/* Begin PBXNativeTarget section */
		DE90814A1EBC725100E90C16 /* Connect4.0 */ = {
			isa = PBXNativeTarget;
			buildConfigurationList = DE90815D1EBC725100E90C16 /* Build configuration list for PBXNativeTarget "Connect4.0" */;
			buildPhases = (
				E93472C7C4AFF58844982A95 /* [CP] Check Pods Manifest.lock */,
				DE9081471EBC725100E90C16 /* Sources */,
				DE9081481EBC725100E90C16 /* Frameworks */,
				DE9081491EBC725100E90C16 /* Resources */,
				633445E383290AF7A6E4B379 /* [CP] Embed Pods Frameworks */,
				DE8CDDAB80DC3FFD92CF432F /* [CP] Copy Pods Resources */,
			);
			buildRules = (
			);
			dependencies = (
			);
			name = Connect4.0;
			productName = Connect4.0;
			productReference = DE90814B1EBC725100E90C16 /* Connect4.0.app */;
			productType = "com.apple.product-type.application";
		};
/* End PBXNativeTarget section */

/* Begin PBXProject section */
		DE9081431EBC725100E90C16 /* Project object */ = {
			isa = PBXProject;
			attributes = {
				LastSwiftUpdateCheck = 0830;
				LastUpgradeCheck = 0830;
				ORGANIZATIONNAME = Pakgon;
				TargetAttributes = {
					DE90814A1EBC725100E90C16 = {
						CreatedOnToolsVersion = 8.3.2;
						DevelopmentTeam = D4LYMDWCT6;
						LastSwiftMigration = 0830;
						ProvisioningStyle = Automatic;
						SystemCapabilities = {
							com.apple.BackgroundModes = {
								enabled = 1;
							};
							com.apple.Push = {
								enabled = 1;
							};
						};
					};
				};
			};
			buildConfigurationList = DE9081461EBC725100E90C16 /* Build configuration list for PBXProject "Connect4.0" */;
			compatibilityVersion = "Xcode 3.2";
			developmentRegion = English;
			hasScannedForEncodings = 0;
			knownRegions = (
				en,
				Base,
				th,
			);
			mainGroup = DE9081421EBC725100E90C16;
			productRefGroup = DE90814C1EBC725100E90C16 /* Products */;
			projectDirPath = "";
			projectRoot = "";
			targets = (
				DE90814A1EBC725100E90C16 /* Connect4.0 */,
			);
		};
/* End PBXProject section */

/* Begin PBXResourcesBuildPhase section */
		DE9081491EBC725100E90C16 /* Resources */ = {
			isa = PBXResourcesBuildPhase;
			buildActionMask = 2147483647;
			files = (
				DE1D167D1F9A0ACC007A3916 /* CheckBoxCell.xib in Resources */,
				DE52874F1FB19D3E00843AEE /* index.html in Resources */,
				E2913C3F2019B86C007B2640 /* GoogleService-Info.plist in Resources */,
				DE9081591EBC725100E90C16 /* LaunchScreen.storyboard in Resources */,
				DE64D7761ED5679000FE71CC /* CategoryBloc.xib in Resources */,
				DE9081561EBC725100E90C16 /* Assets.xcassets in Resources */,
				DE90816D1EBCA06800E90C16 /* ButtonCell.xib in Resources */,
				DE76B3D91EF01B0E00FDA40E /* ForgotCell.xib in Resources */,
				DE7E9FA81EDEFF0B00112EC5 /* BlocCell.xib in Resources */,
				DE9081541EBC725100E90C16 /* Main.storyboard in Resources */,
				DE55A68A1FB98D6F00A7EC74 /* HeaderLanguageView.xib in Resources */,
				DE9406981FB419EE00D56DD2 /* LanguageCell.xib in Resources */,
				DE8A286A1EE7D13B0001E493 /* supermarket.ttf in Resources */,
				E28569DF202DA97E00A19BDD /* Localizable.strings in Resources */,
				DE55A6811FB941A500A7EC74 /* LogoutCell.xib in Resources */,
				DE9081691EBC9F1C00E90C16 /* TextFieldCell.xib in Resources */,
			);
			runOnlyForDeploymentPostprocessing = 0;
		};
/* End PBXResourcesBuildPhase section */

/* Begin PBXShellScriptBuildPhase section */
		633445E383290AF7A6E4B379 /* [CP] Embed Pods Frameworks */ = {
			isa = PBXShellScriptBuildPhase;
			buildActionMask = 2147483647;
			files = (
			);
			inputPaths = (
				"${SRCROOT}/Pods/Target Support Files/Pods-Connect4.0/Pods-Connect4.0-frameworks.sh",
				"${BUILT_PRODUCTS_DIR}/Alamofire/Alamofire.framework",
				"${BUILT_PRODUCTS_DIR}/AlamofireImage/AlamofireImage.framework",
				"${BUILT_PRODUCTS_DIR}/AlamofireLogger/AlamofireLogger.framework",
				"${BUILT_PRODUCTS_DIR}/AlamofireObjectMapper/AlamofireObjectMapper.framework",
				"${BUILT_PRODUCTS_DIR}/CryptoSwift/CryptoSwift.framework",
				"${BUILT_PRODUCTS_DIR}/GoogleToolboxForMac/GoogleToolboxForMac.framework",
				"${BUILT_PRODUCTS_DIR}/Localize-Swift/Localize_Swift.framework",
				"${BUILT_PRODUCTS_DIR}/MBProgressHUD/MBProgressHUD.framework",
				"${BUILT_PRODUCTS_DIR}/ObjectMapper/ObjectMapper.framework",
				"${BUILT_PRODUCTS_DIR}/Protobuf/Protobuf.framework",
				"${BUILT_PRODUCTS_DIR}/SWRevealViewController/SWRevealViewController.framework",
				"${BUILT_PRODUCTS_DIR}/SmileLock/SmileLock.framework",
				"${BUILT_PRODUCTS_DIR}/SwiftEventBus/SwiftEventBus.framework",
				"${BUILT_PRODUCTS_DIR}/SwiftyJSON/SwiftyJSON.framework",
			);
			name = "[CP] Embed Pods Frameworks";
			outputPaths = (
				"${TARGET_BUILD_DIR}/${FRAMEWORKS_FOLDER_PATH}/Alamofire.framework",
				"${TARGET_BUILD_DIR}/${FRAMEWORKS_FOLDER_PATH}/AlamofireImage.framework",
				"${TARGET_BUILD_DIR}/${FRAMEWORKS_FOLDER_PATH}/AlamofireLogger.framework",
				"${TARGET_BUILD_DIR}/${FRAMEWORKS_FOLDER_PATH}/AlamofireObjectMapper.framework",
				"${TARGET_BUILD_DIR}/${FRAMEWORKS_FOLDER_PATH}/CryptoSwift.framework",
				"${TARGET_BUILD_DIR}/${FRAMEWORKS_FOLDER_PATH}/GoogleToolboxForMac.framework",
				"${TARGET_BUILD_DIR}/${FRAMEWORKS_FOLDER_PATH}/Localize_Swift.framework",
				"${TARGET_BUILD_DIR}/${FRAMEWORKS_FOLDER_PATH}/MBProgressHUD.framework",
				"${TARGET_BUILD_DIR}/${FRAMEWORKS_FOLDER_PATH}/ObjectMapper.framework",
				"${TARGET_BUILD_DIR}/${FRAMEWORKS_FOLDER_PATH}/Protobuf.framework",
				"${TARGET_BUILD_DIR}/${FRAMEWORKS_FOLDER_PATH}/SWRevealViewController.framework",
				"${TARGET_BUILD_DIR}/${FRAMEWORKS_FOLDER_PATH}/SmileLock.framework",
				"${TARGET_BUILD_DIR}/${FRAMEWORKS_FOLDER_PATH}/SwiftEventBus.framework",
				"${TARGET_BUILD_DIR}/${FRAMEWORKS_FOLDER_PATH}/SwiftyJSON.framework",
			);
			runOnlyForDeploymentPostprocessing = 0;
			shellPath = /bin/sh;
			shellScript = "\"${SRCROOT}/Pods/Target Support Files/Pods-Connect4.0/Pods-Connect4.0-frameworks.sh\"\n";
			showEnvVarsInLog = 0;
		};
		DE8CDDAB80DC3FFD92CF432F /* [CP] Copy Pods Resources */ = {
			isa = PBXShellScriptBuildPhase;
			buildActionMask = 2147483647;
			files = (
			);
			inputPaths = (
				"${SRCROOT}/Pods/Target Support Files/Pods-Connect4.0/Pods-Connect4.0-resources.sh",
				"${PODS_ROOT}/NearbyMessages/Resources/resources/GNSSharedResources.bundle",
				"${PODS_ROOT}/NearbyMessages/Resources/resources/ic_expand_more.xcassets",
				"${PODS_ROOT}/NearbyMessages/Resources/resources/ic_nearby_48pt.xcassets",
			);
			name = "[CP] Copy Pods Resources";
			outputPaths = (
				"${TARGET_BUILD_DIR}/${UNLOCALIZED_RESOURCES_FOLDER_PATH}/GNSSharedResources.bundle",
				"${TARGET_BUILD_DIR}/${UNLOCALIZED_RESOURCES_FOLDER_PATH}/ic_expand_more.xcassets",
				"${TARGET_BUILD_DIR}/${UNLOCALIZED_RESOURCES_FOLDER_PATH}/ic_nearby_48pt.xcassets",
			);
			runOnlyForDeploymentPostprocessing = 0;
			shellPath = /bin/sh;
			shellScript = "\"${SRCROOT}/Pods/Target Support Files/Pods-Connect4.0/Pods-Connect4.0-resources.sh\"\n";
			showEnvVarsInLog = 0;
		};
		E93472C7C4AFF58844982A95 /* [CP] Check Pods Manifest.lock */ = {
			isa = PBXShellScriptBuildPhase;
			buildActionMask = 2147483647;
			files = (
			);
			inputPaths = (
				"${PODS_PODFILE_DIR_PATH}/Podfile.lock",
				"${PODS_ROOT}/Manifest.lock",
			);
			name = "[CP] Check Pods Manifest.lock";
			outputPaths = (
				"$(DERIVED_FILE_DIR)/Pods-Connect4.0-checkManifestLockResult.txt",
			);
			runOnlyForDeploymentPostprocessing = 0;
			shellPath = /bin/sh;
			shellScript = "diff \"${PODS_PODFILE_DIR_PATH}/Podfile.lock\" \"${PODS_ROOT}/Manifest.lock\" > /dev/null\nif [ $? != 0 ] ; then\n    # print error to STDERR\n    echo \"error: The sandbox is not in sync with the Podfile.lock. Run 'pod install' or update your CocoaPods installation.\" >&2\n    exit 1\nfi\n# This output is used by Xcode 'outputs' to avoid re-running this script phase.\necho \"SUCCESS\" > \"${SCRIPT_OUTPUT_FILE_0}\"\n";
			showEnvVarsInLog = 0;
		};
/* End PBXShellScriptBuildPhase section */

/* Begin PBXSourcesBuildPhase section */
		DE9081471EBC725100E90C16 /* Sources */ = {
			isa = PBXSourcesBuildPhase;
			buildActionMask = 2147483647;
			files = (
				DE44CB9C1ECD60420099A7D2 /* LoginViewController.swift in Sources */,
				DE22594F1FBC2A9000779BF9 /* TabListNameController.swift in Sources */,
				DE4E82761ED2B94E00667C5A /* ModelCart.swift in Sources */,
				E2749383201B18F40008BFF8 /* BeaconModel.swift in Sources */,
				DE3AF7CE1ED43C3D0013D526 /* SideMenuTableViewCell.swift in Sources */,
				DE94069F1FB43F5B00D56DD2 /* ResponseSlideMenu.swift in Sources */,
				DE1D16921F9A0CF2007A3916 /* DownloadFile.swift in Sources */,
				DE6875C11FBAD16B00B4A9E8 /* WebAppRequest.swift in Sources */,
				D358D0691ED1DD7400B39E94 /* BlocViewController.swift in Sources */,
				DE52874D1FB18FCC00843AEE /* LoginJSInterface.swift in Sources */,
				D358D0611ED1539300B39E94 /* AuthenLogin.swift in Sources */,
				D30B32CC1ED0C8D2006B6B67 /* FormatterResponse.swift in Sources */,
				DE10FFE51FBBFF5A00B8F873 /* TabNoticViewController.swift in Sources */,
				DE3BF6B71ECEDC9200FBBB9F /* BaseViewController.swift in Sources */,
				D30B32CA1ED0B120006B6B67 /* EncryptionAES.swift in Sources */,
				DE9406941FB4092C00D56DD2 /* MenuSlideViewModel.swift in Sources */,
				DE2259481FBC1F4B00779BF9 /* CustomTabbarControllerViewController.swift in Sources */,
				DE3BF6B41ECEDB3200FBBB9F /* BaseViewModel.swift in Sources */,
				D358D0631ED161B000B39E94 /* FormatterRequest.swift in Sources */,
				DE90814F1EBC725100E90C16 /* AppDelegate.swift in Sources */,
				DE22758D1FC6C60C007251E7 /* ResponseScanQR.swift in Sources */,
				DEE609FE1EC473DF00F08763 /* ClientHttp.swift in Sources */,
				DEBC3D801FB05B7000ED0BDF /* UIWebViewExt.swift in Sources */,
				DE44CB9E1ECD61110099A7D2 /* ManageKeyboard.swift in Sources */,
				D358D06D1ED1DEBA00B39E94 /* MenuViewController.swift in Sources */,
				DE94069C1FB41EDC00D56DD2 /* LanguageCell.swift in Sources */,
				D358D0711ED1E0A700B39E94 /* NavBlocController.swift in Sources */,
				DE2259511FBC2ABF00779BF9 /* TabProfileController.swift in Sources */,
				DE3BF6A41ECEAEE300FBBB9F /* AlertMessage.swift in Sources */,
				DE55A68C1FB991B700A7EC74 /* HeaderLanguageView.swift in Sources */,
				D358D0731ED1E3FB00B39E94 /* RevealViewController.swift in Sources */,
				DE22594D1FBC2A7300779BF9 /* TabScanQRController.swift in Sources */,
				DEE609FB1EC466D900F08763 /* ManagementProtocol.swift in Sources */,
				DEAD703F1EC576B20057B448 /* BaseColor.swift in Sources */,
				DE55A6851FB945DF00A7EC74 /* LogoutCell.swift in Sources */,
				DE6E529C1EE02EAB004BCDDD /* BlocContentViewController.swift in Sources */,
				DE3BF6B11ECEDAF300FBBB9F /* BasePotocol.swift in Sources */,
				DE55A6881FB956C700A7EC74 /* LocationModel.swift in Sources */,
			);
			runOnlyForDeploymentPostprocessing = 0;
		};
/* End PBXSourcesBuildPhase section */

/* Begin PBXVariantGroup section */
		DE9081521EBC725100E90C16 /* Main.storyboard */ = {
			isa = PBXVariantGroup;
			children = (
				DE9081531EBC725100E90C16 /* Base */,
				E28569DB202DA7F600A19BDD /* th */,
			);
			name = Main.storyboard;
			sourceTree = "<group>";
		};
		DE9081571EBC725100E90C16 /* LaunchScreen.storyboard */ = {
			isa = PBXVariantGroup;
			children = (
				DE9081581EBC725100E90C16 /* Base */,
				E28569DC202DA7F600A19BDD /* th */,
			);
			name = LaunchScreen.storyboard;
			sourceTree = "<group>";
		};
		E28569E1202DA97E00A19BDD /* Localizable.strings */ = {
			isa = PBXVariantGroup;
			children = (
				E28569E0202DA97E00A19BDD /* Base */,
				E28569E3202DA98600A19BDD /* th */,
			);
			name = Localizable.strings;
			sourceTree = "<group>";
		};
/* End PBXVariantGroup section */

/* Begin XCBuildConfiguration section */
		DE90815B1EBC725100E90C16 /* Debug */ = {
			isa = XCBuildConfiguration;
			buildSettings = {
				ALWAYS_SEARCH_USER_PATHS = NO;
				CLANG_ANALYZER_LOCALIZABILITY_NONLOCALIZED = YES;
				CLANG_ANALYZER_NONNULL = YES;
				CLANG_ANALYZER_NUMBER_OBJECT_CONVERSION = YES_AGGRESSIVE;
				CLANG_CXX_LANGUAGE_STANDARD = "gnu++0x";
				CLANG_CXX_LIBRARY = "libc++";
				CLANG_ENABLE_MODULES = YES;
				CLANG_ENABLE_OBJC_ARC = YES;
				CLANG_WARN_BOOL_CONVERSION = YES;
				CLANG_WARN_CONSTANT_CONVERSION = YES;
				CLANG_WARN_DIRECT_OBJC_ISA_USAGE = YES_ERROR;
				CLANG_WARN_DOCUMENTATION_COMMENTS = YES;
				CLANG_WARN_EMPTY_BODY = YES;
				CLANG_WARN_ENUM_CONVERSION = YES;
				CLANG_WARN_INFINITE_RECURSION = YES;
				CLANG_WARN_INT_CONVERSION = YES;
				CLANG_WARN_OBJC_ROOT_CLASS = YES_ERROR;
				CLANG_WARN_SUSPICIOUS_MOVE = YES;
				CLANG_WARN_UNREACHABLE_CODE = YES;
				CLANG_WARN__DUPLICATE_METHOD_MATCH = YES;
				"CODE_SIGN_IDENTITY[sdk=iphoneos*]" = "iPhone Developer";
				COPY_PHASE_STRIP = NO;
				DEBUG_INFORMATION_FORMAT = dwarf;
				ENABLE_STRICT_OBJC_MSGSEND = YES;
				ENABLE_TESTABILITY = YES;
				GCC_C_LANGUAGE_STANDARD = gnu99;
				GCC_DYNAMIC_NO_PIC = NO;
				GCC_NO_COMMON_BLOCKS = YES;
				GCC_OPTIMIZATION_LEVEL = 0;
				GCC_PREPROCESSOR_DEFINITIONS = (
					"DEBUG=1",
					"$(inherited)",
				);
				GCC_WARN_64_TO_32_BIT_CONVERSION = YES;
				GCC_WARN_ABOUT_RETURN_TYPE = YES_ERROR;
				GCC_WARN_UNDECLARED_SELECTOR = YES;
				GCC_WARN_UNINITIALIZED_AUTOS = YES_AGGRESSIVE;
				GCC_WARN_UNUSED_FUNCTION = YES;
				GCC_WARN_UNUSED_VARIABLE = YES;
				IPHONEOS_DEPLOYMENT_TARGET = 10.0;
				MTL_ENABLE_DEBUG_INFO = YES;
				ONLY_ACTIVE_ARCH = YES;
				SDKROOT = iphoneos;
				SWIFT_ACTIVE_COMPILATION_CONDITIONS = DEBUG;
				SWIFT_OPTIMIZATION_LEVEL = "-Onone";
			};
			name = Debug;
		};
		DE90815C1EBC725100E90C16 /* Release */ = {
			isa = XCBuildConfiguration;
			buildSettings = {
				ALWAYS_SEARCH_USER_PATHS = NO;
				CLANG_ANALYZER_LOCALIZABILITY_NONLOCALIZED = YES;
				CLANG_ANALYZER_NONNULL = YES;
				CLANG_ANALYZER_NUMBER_OBJECT_CONVERSION = YES_AGGRESSIVE;
				CLANG_CXX_LANGUAGE_STANDARD = "gnu++0x";
				CLANG_CXX_LIBRARY = "libc++";
				CLANG_ENABLE_MODULES = YES;
				CLANG_ENABLE_OBJC_ARC = YES;
				CLANG_WARN_BOOL_CONVERSION = YES;
				CLANG_WARN_CONSTANT_CONVERSION = YES;
				CLANG_WARN_DIRECT_OBJC_ISA_USAGE = YES_ERROR;
				CLANG_WARN_DOCUMENTATION_COMMENTS = YES;
				CLANG_WARN_EMPTY_BODY = YES;
				CLANG_WARN_ENUM_CONVERSION = YES;
				CLANG_WARN_INFINITE_RECURSION = YES;
				CLANG_WARN_INT_CONVERSION = YES;
				CLANG_WARN_OBJC_ROOT_CLASS = YES_ERROR;
				CLANG_WARN_SUSPICIOUS_MOVE = YES;
				CLANG_WARN_UNREACHABLE_CODE = YES;
				CLANG_WARN__DUPLICATE_METHOD_MATCH = YES;
				"CODE_SIGN_IDENTITY[sdk=iphoneos*]" = "iPhone Developer";
				COPY_PHASE_STRIP = NO;
				DEBUG_INFORMATION_FORMAT = "dwarf-with-dsym";
				ENABLE_NS_ASSERTIONS = NO;
				ENABLE_STRICT_OBJC_MSGSEND = YES;
				GCC_C_LANGUAGE_STANDARD = gnu99;
				GCC_NO_COMMON_BLOCKS = YES;
				GCC_WARN_64_TO_32_BIT_CONVERSION = YES;
				GCC_WARN_ABOUT_RETURN_TYPE = YES_ERROR;
				GCC_WARN_UNDECLARED_SELECTOR = YES;
				GCC_WARN_UNINITIALIZED_AUTOS = YES_AGGRESSIVE;
				GCC_WARN_UNUSED_FUNCTION = YES;
				GCC_WARN_UNUSED_VARIABLE = YES;
				IPHONEOS_DEPLOYMENT_TARGET = 10.0;
				MTL_ENABLE_DEBUG_INFO = NO;
				SDKROOT = iphoneos;
				SWIFT_OPTIMIZATION_LEVEL = "-Owholemodule";
				VALIDATE_PRODUCT = YES;
			};
			name = Release;
		};
		DE90815E1EBC725100E90C16 /* Debug */ = {
			isa = XCBuildConfiguration;
			baseConfigurationReference = 9147E7DA346EB7DFEE48F097 /* Pods-Connect4.0.debug.xcconfig */;
			buildSettings = {
				ALWAYS_EMBED_SWIFT_STANDARD_LIBRARIES = NO;
				ASSETCATALOG_COMPILER_APPICON_NAME = AppIcon;
				CLANG_ENABLE_MODULES = YES;
				CODE_SIGN_ENTITLEMENTS = Connect4.0/Connect4.0.entitlements;
				"CODE_SIGN_IDENTITY[sdk=iphoneos*]" = "iPhone Developer";
				DEVELOPMENT_TEAM = D4LYMDWCT6;
				INFOPLIST_FILE = Connect4.0/Info.plist;
				IPHONEOS_DEPLOYMENT_TARGET = 10.0;
				LD_RUNPATH_SEARCH_PATHS = "$(inherited) @executable_path/Frameworks";
				PRODUCT_BUNDLE_IDENTIFIER = com.zicure.connect;
				PRODUCT_NAME = "$(TARGET_NAME)";
				PROVISIONING_PROFILE_SPECIFIER = "";
				SWIFT_OBJC_BRIDGING_HEADER = Connect4.0/Bridge.h;
				SWIFT_OPTIMIZATION_LEVEL = "-Onone";
				SWIFT_VERSION = 3.0;
				TARGETED_DEVICE_FAMILY = 1;
			};
			name = Debug;
		};
		DE90815F1EBC725100E90C16 /* Release */ = {
			isa = XCBuildConfiguration;
			baseConfigurationReference = 4A1A49EDB747B220D85478B9 /* Pods-Connect4.0.release.xcconfig */;
			buildSettings = {
				ALWAYS_EMBED_SWIFT_STANDARD_LIBRARIES = NO;
				ASSETCATALOG_COMPILER_APPICON_NAME = AppIcon;
				CLANG_ENABLE_MODULES = YES;
				CODE_SIGN_ENTITLEMENTS = Connect4.0/Connect4.0.entitlements;
				"CODE_SIGN_IDENTITY[sdk=iphoneos*]" = "iPhone Developer";
				DEVELOPMENT_TEAM = D4LYMDWCT6;
				INFOPLIST_FILE = Connect4.0/Info.plist;
				IPHONEOS_DEPLOYMENT_TARGET = 10.0;
				LD_RUNPATH_SEARCH_PATHS = "$(inherited) @executable_path/Frameworks";
				PRODUCT_BUNDLE_IDENTIFIER = com.zicure.connect;
				PRODUCT_NAME = "$(TARGET_NAME)";
				PROVISIONING_PROFILE_SPECIFIER = "";
				SWIFT_OBJC_BRIDGING_HEADER = Connect4.0/Bridge.h;
				SWIFT_VERSION = 3.0;
				TARGETED_DEVICE_FAMILY = 1;
			};
			name = Release;
		};
/* End XCBuildConfiguration section */

/* Begin XCConfigurationList section */
		DE9081461EBC725100E90C16 /* Build configuration list for PBXProject "Connect4.0" */ = {
			isa = XCConfigurationList;
			buildConfigurations = (
				DE90815B1EBC725100E90C16 /* Debug */,
				DE90815C1EBC725100E90C16 /* Release */,
			);
			defaultConfigurationIsVisible = 0;
			defaultConfigurationName = Release;
		};
		DE90815D1EBC725100E90C16 /* Build configuration list for PBXNativeTarget "Connect4.0" */ = {
			isa = XCConfigurationList;
			buildConfigurations = (
				DE90815E1EBC725100E90C16 /* Debug */,
				DE90815F1EBC725100E90C16 /* Release */,
			);
			defaultConfigurationIsVisible = 0;
			defaultConfigurationName = Release;
		};
/* End XCConfigurationList section */
	};
	rootObject = DE9081431EBC725100E90C16 /* Project object */;
}
